
Microsoft Visual Studio Solution File, Format Version 12.00
# Visual Studio Version 17
VisualStudioVersion = 17.0.32002.185
MinimumVisualStudioVersion = 10.0.40219.1
Project("{FAE04EC0-301F-11D3-BF4B-00C04F79EFBC}") = "Maths2D", "Maths2D\Maths2D.csproj", "{B1FD2975-F245-482D-A543-624D8010696C}"
EndProject
Global
	GlobalSection(SolutionConfigurationPlatforms) = preSolution
		Debug|Any CPU = Debug|Any CPU
		Release|Any CPU = Release|Any CPU
	EndGlobalSection
	GlobalSection(ProjectConfigurationPlatforms) = postSolution
		{B1FD2975-F245-482D-A543-624D8010696C}.Debug|Any CPU.ActiveCfg = Debug|Any CPU
		{B1FD2975-F245-482D-A543-624D8010696C}.Debug|Any CPU.Build.0 = Debug|Any CPU
		{B1FD2975-F245-482D-A543-624D8010696C}.Release|Any CPU.ActiveCfg = Release|Any CPU
		{B1FD2975-F245-482D-A543-624D8010696C}.Release|Any CPU.Build.0 = Release|Any CPU
	EndGlobalSection
	GlobalSection(SolutionProperties) = preSolution
		HideSolutionNode = FALSE
	EndGlobalSection
	GlobalSection(ExtensibilityGlobals) = postSolution
		SolutionGuid = {FA7FB899-9912-4A46-935D-F24C39271E76}
	EndGlobalSection
EndGlobal
